
Microsoft Visual Studio Solution File, Format Version 12.00
# Visual Studio Version 17
VisualStudioVersion = 17.5.002.0
MinimumVisualStudioVersion = 10.0.40219.1
Project("{9A19103F-16F7-4668-BE54-9A1E7A4F7556}") = "Transpiler", "Transpiler\Transpiler.csproj", "{3D2D01E9-2D27-43DB-8AF7-76AA8659954B}"
EndProject
Project("{9A19103F-16F7-4668-BE54-9A1E7A4F7556}") = "Transpiler.Tests", "Transpiler.Tests\Transpiler.Tests.csproj", "{E08C704A-BDA7-427B-99B1-9B47D710D395}"
EndProject
Global
	GlobalSection(SolutionConfigurationPlatforms) = preSolution
		Debug|Any CPU = Debug|Any CPU
		Release|Any CPU = Release|Any CPU
	EndGlobalSection
	GlobalSection(ProjectConfigurationPlatforms) = postSolution
		{3D2D01E9-2D27-43DB-8AF7-76AA8659954B}.Debug|Any CPU.ActiveCfg = Debug|Any CPU
		{3D2D01E9-2D27-43DB-8AF7-76AA8659954B}.Debug|Any CPU.Build.0 = Debug|Any CPU
		{3D2D01E9-2D27-43DB-8AF7-76AA8659954B}.Release|Any CPU.ActiveCfg = Release|Any CPU
		{3D2D01E9-2D27-43DB-8AF7-76AA8659954B}.Release|Any CPU.Build.0 = Release|Any CPU
		{E08C704A-BDA7-427B-99B1-9B47D710D395}.Debug|Any CPU.ActiveCfg = Debug|Any CPU
		{E08C704A-BDA7-427B-99B1-9B47D710D395}.Debug|Any CPU.Build.0 = Debug|Any CPU
		{E08C704A-BDA7-427B-99B1-9B47D710D395}.Release|Any CPU.ActiveCfg = Release|Any CPU
		{E08C704A-BDA7-427B-99B1-9B47D710D395}.Release|Any CPU.Build.0 = Release|Any CPU
	EndGlobalSection
	GlobalSection(SolutionProperties) = preSolution
		HideSolutionNode = FALSE
	EndGlobalSection
	GlobalSection(ExtensibilityGlobals) = postSolution
		SolutionGuid = {D408A3DA-A504-4E0E-BB2C-894BA5956B52}
	EndGlobalSection
EndGlobal
